
Microsoft Visual Studio Solution File, Format Version 12.00
# Visual Studio Version 17
VisualStudioVersion = 17.0.31903.59
MinimumVisualStudioVersion = 10.0.40219.1
Project("{2150E333-8FDC-42A3-9474-1A3956D46DE8}") = "src", "src", "{016DC6D1-2A1A-44F1-A4BA-3D2EDDAE918A}"
EndProject
Project("{FAE04EC0-301F-11D3-BF4B-00C04F79EFBC}") = "Klueber.Em.Brokers", "src\Klueber.Em.Brokers\Klueber.Em.Brokers.csproj", "{2FA02982-CBEC-4940-9194-EBCD26FA3F4C}"
EndProject
Project("{FAE04EC0-301F-11D3-BF4B-00C04F79EFBC}") = "Klueber.Em.Brokers.Tests", "src\Klueber.Em.Brokers.Tests\Klueber.Em.Brokers.Tests.csproj", "{14D0D7BC-90BE-46D2-978B-C57FD25089BC}"
EndProject
Global
	GlobalSection(SolutionConfigurationPlatforms) = preSolution
		Debug|Any CPU = Debug|Any CPU
		Release|Any CPU = Release|Any CPU
	EndGlobalSection
	GlobalSection(ProjectConfigurationPlatforms) = postSolution
		{2FA02982-CBEC-4940-9194-EBCD26FA3F4C}.Debug|Any CPU.ActiveCfg = Debug|Any CPU
		{2FA02982-CBEC-4940-9194-EBCD26FA3F4C}.Debug|Any CPU.Build.0 = Debug|Any CPU
		{2FA02982-CBEC-4940-9194-EBCD26FA3F4C}.Release|Any CPU.ActiveCfg = Release|Any CPU
		{2FA02982-CBEC-4940-9194-EBCD26FA3F4C}.Release|Any CPU.Build.0 = Release|Any CPU
		{14D0D7BC-90BE-46D2-978B-C57FD25089BC}.Debug|Any CPU.ActiveCfg = Debug|Any CPU
		{14D0D7BC-90BE-46D2-978B-C57FD25089BC}.Debug|Any CPU.Build.0 = Debug|Any CPU
		{14D0D7BC-90BE-46D2-978B-C57FD25089BC}.Release|Any CPU.ActiveCfg = Release|Any CPU
		{14D0D7BC-90BE-46D2-978B-C57FD25089BC}.Release|Any CPU.Build.0 = Release|Any CPU
	EndGlobalSection
	GlobalSection(SolutionProperties) = preSolution
		HideSolutionNode = FALSE
	EndGlobalSection
	GlobalSection(NestedProjects) = preSolution
		{2FA02982-CBEC-4940-9194-EBCD26FA3F4C} = {016DC6D1-2A1A-44F1-A4BA-3D2EDDAE918A}
		{14D0D7BC-90BE-46D2-978B-C57FD25089BC} = {016DC6D1-2A1A-44F1-A4BA-3D2EDDAE918A}
	EndGlobalSection
	GlobalSection(ExtensibilityGlobals) = postSolution
		SolutionGuid = {5EA11A53-A5CE-4A67-A8D7-30E753C432F1}
	EndGlobalSection
EndGlobal
